
Microsoft Visual Studio Solution File, Format Version 12.00
# Visual Studio Version 16
VisualStudioVersion = 16.0.32002.261
MinimumVisualStudioVersion = 10.0.40219.1
Project("{FAE04EC0-301F-11D3-BF4B-00C04F79EFBC}") = "Numerical integration", "Numerical integration.csproj", "{0252E3BA-4FDA-4990-84A5-FB5D70546C8A}"
EndProject
Global
	GlobalSection(SolutionConfigurationPlatforms) = preSolution
		Debug|Any CPU = Debug|Any CPU
		Release|Any CPU = Release|Any CPU
	EndGlobalSection
	GlobalSection(ProjectConfigurationPlatforms) = postSolution
		{0252E3BA-4FDA-4990-84A5-FB5D70546C8A}.Debug|Any CPU.ActiveCfg = Debug|Any CPU
		{0252E3BA-4FDA-4990-84A5-FB5D70546C8A}.Debug|Any CPU.Build.0 = Debug|Any CPU
		{0252E3BA-4FDA-4990-84A5-FB5D70546C8A}.Release|Any CPU.ActiveCfg = Release|Any CPU
		{0252E3BA-4FDA-4990-84A5-FB5D70546C8A}.Release|Any CPU.Build.0 = Release|Any CPU
	EndGlobalSection
	GlobalSection(SolutionProperties) = preSolution
		HideSolutionNode = FALSE
	EndGlobalSection
	GlobalSection(ExtensibilityGlobals) = postSolution
		SolutionGuid = {26AAD412-6908-4ECC-BE44-4BF5A0F1A1D4}
	EndGlobalSection
EndGlobal
